
Microsoft Visual Studio Solution File, Format Version 12.00
# Visual Studio Version 17
VisualStudioVersion = 17.14.36705.20 d17.14
MinimumVisualStudioVersion = 10.0.40219.1
Project("{FAE04EC0-301F-11D3-BF4B-00C04F79EFBC}") = "Api", "Api\Api.csproj", "{05F895D9-F224-4ECC-B691-BB3D1D31F7DD}"
EndProject
Project("{FAE04EC0-301F-11D3-BF4B-00C04F79EFBC}") = "SQL", "SQL\SQL.csproj", "{03CB58ED-E913-44AD-B642-B9B07FAFFC8C}"
EndProject
Global
	GlobalSection(SolutionConfigurationPlatforms) = preSolution
		Debug|Any CPU = Debug|Any CPU
		Release|Any CPU = Release|Any CPU
	EndGlobalSection
	GlobalSection(ProjectConfigurationPlatforms) = postSolution
		{05F895D9-F224-4ECC-B691-BB3D1D31F7DD}.Debug|Any CPU.ActiveCfg = Debug|Any CPU
		{05F895D9-F224-4ECC-B691-BB3D1D31F7DD}.Debug|Any CPU.Build.0 = Debug|Any CPU
		{05F895D9-F224-4ECC-B691-BB3D1D31F7DD}.Release|Any CPU.ActiveCfg = Release|Any CPU
		{05F895D9-F224-4ECC-B691-BB3D1D31F7DD}.Release|Any CPU.Build.0 = Release|Any CPU
		{03CB58ED-E913-44AD-B642-B9B07FAFFC8C}.Debug|Any CPU.ActiveCfg = Debug|Any CPU
		{03CB58ED-E913-44AD-B642-B9B07FAFFC8C}.Debug|Any CPU.Build.0 = Debug|Any CPU
		{03CB58ED-E913-44AD-B642-B9B07FAFFC8C}.Release|Any CPU.ActiveCfg = Release|Any CPU
		{03CB58ED-E913-44AD-B642-B9B07FAFFC8C}.Release|Any CPU.Build.0 = Release|Any CPU
	EndGlobalSection
	GlobalSection(SolutionProperties) = preSolution
		HideSolutionNode = FALSE
	EndGlobalSection
	GlobalSection(ExtensibilityGlobals) = postSolution
		SolutionGuid = {EBEB55CC-6D52-47EB-B2D4-D0313736553B}
	EndGlobalSection
EndGlobal
